
Microsoft Visual Studio Solution File, Format Version 12.00
# Visual Studio 2013
VisualStudioVersion = 12.0.30324.0
MinimumVisualStudioVersion = 10.0.40219.1
Project("{FAE04EC0-301F-11D3-BF4B-00C04F79EFBC}") = "AcceptanceTests.Tests", "AcceptanceTests.Tests\AcceptanceTests.Tests.csproj", "{7BD70BE7-9D2A-4FBB-B36B-FEBA298C564C}"
EndProject
Global
	GlobalSection(SolutionConfigurationPlatforms) = preSolution
		Debug|Any CPU = Debug|Any CPU
		Release|Any CPU = Release|Any CPU
	EndGlobalSection
	GlobalSection(ProjectConfigurationPlatforms) = postSolution
		{7BD70BE7-9D2A-4FBB-B36B-FEBA298C564C}.Debug|Any CPU.ActiveCfg = Debug|Any CPU
		{7BD70BE7-9D2A-4FBB-B36B-FEBA298C564C}.Debug|Any CPU.Build.0 = Debug|Any CPU
		{7BD70BE7-9D2A-4FBB-B36B-FEBA298C564C}.Release|Any CPU.ActiveCfg = Release|Any CPU
		{7BD70BE7-9D2A-4FBB-B36B-FEBA298C564C}.Release|Any CPU.Build.0 = Release|Any CPU
	EndGlobalSection
	GlobalSection(SolutionProperties) = preSolution
		HideSolutionNode = FALSE
	EndGlobalSection
EndGlobal
